
Microsoft Visual Studio Solution File, Format Version 12.00
# Visual Studio Version 17
VisualStudioVersion = 17.12.35521.163 d17.12
MinimumVisualStudioVersion = 10.0.40219.1
Project("{FAE04EC0-301F-11D3-BF4B-00C04F79EFBC}") = "Common-API", "Common-API\Common-API.csproj", "{41AB7173-C08E-404A-9C7F-C0A43768A2BA}"
EndProject
Global
	GlobalSection(SolutionConfigurationPlatforms) = preSolution
		Debug|Any CPU = Debug|Any CPU
		Release|Any CPU = Release|Any CPU
	EndGlobalSection
	GlobalSection(ProjectConfigurationPlatforms) = postSolution
		{41AB7173-C08E-404A-9C7F-C0A43768A2BA}.Debug|Any CPU.ActiveCfg = Debug|Any CPU
		{41AB7173-C08E-404A-9C7F-C0A43768A2BA}.Debug|Any CPU.Build.0 = Debug|Any CPU
		{41AB7173-C08E-404A-9C7F-C0A43768A2BA}.Release|Any CPU.ActiveCfg = Release|Any CPU
		{41AB7173-C08E-404A-9C7F-C0A43768A2BA}.Release|Any CPU.Build.0 = Release|Any CPU
	EndGlobalSection
	GlobalSection(SolutionProperties) = preSolution
		HideSolutionNode = FALSE
	EndGlobalSection
EndGlobal
